
Microsoft Visual Studio Solution File, Format Version 12.00
# Visual Studio Version 17
VisualStudioVersion = 17.14.36401.2 d17.14
MinimumVisualStudioVersion = 10.0.40219.1
Project("{FAE04EC0-301F-11D3-BF4B-00C04F79EFBC}") = "mssa_6.1.3", "mssa_6.1.3.csproj", "{1461B2B0-A067-48C3-8828-B7E3EEECBCAD}"
EndProject
Global
	GlobalSection(SolutionConfigurationPlatforms) = preSolution
		Debug|Any CPU = Debug|Any CPU
		Release|Any CPU = Release|Any CPU
	EndGlobalSection
	GlobalSection(ProjectConfigurationPlatforms) = postSolution
		{1461B2B0-A067-48C3-8828-B7E3EEECBCAD}.Debug|Any CPU.ActiveCfg = Debug|Any CPU
		{1461B2B0-A067-48C3-8828-B7E3EEECBCAD}.Debug|Any CPU.Build.0 = Debug|Any CPU
		{1461B2B0-A067-48C3-8828-B7E3EEECBCAD}.Release|Any CPU.ActiveCfg = Release|Any CPU
		{1461B2B0-A067-48C3-8828-B7E3EEECBCAD}.Release|Any CPU.Build.0 = Release|Any CPU
	EndGlobalSection
	GlobalSection(SolutionProperties) = preSolution
		HideSolutionNode = FALSE
	EndGlobalSection
	GlobalSection(ExtensibilityGlobals) = postSolution
		SolutionGuid = {5AA2A675-4F08-4990-BC84-5186B9A54500}
	EndGlobalSection
EndGlobal
